
Microsoft Visual Studio Solution File, Format Version 12.00
# Visual Studio 14
VisualStudioVersion = 14.0.25420.1
MinimumVisualStudioVersion = 10.0.40219.1
Project("{FAE04EC0-301F-11D3-BF4B-00C04F79EFBC}") = "WpfMultimediaTest", "WpfMultimediaTest\WpfMultimediaTest.csproj", "{4BC89CE4-2608-482B-B519-7424FECDE999}"
EndProject
Project("{FAE04EC0-301F-11D3-BF4B-00C04F79EFBC}") = "WpfMultimedia", "WpfMultimedia\WpfMultimedia.csproj", "{3DCD9D4C-CC77-473A-9E58-1FFB1E67C765}"
EndProject
Project("{FAE04EC0-301F-11D3-BF4B-00C04F79EFBC}") = "MVVM", "MVVM\MVVM.csproj", "{BAEFC825-1E43-446C-9B9D-5645198A44ED}"
EndProject
Project("{FAE04EC0-301F-11D3-BF4B-00C04F79EFBC}") = "WpfMultimedia.Webcam", "WpfMultimedia.Webcam\WpfMultimedia.Webcam.csproj", "{D17BC8BB-D7FA-4302-B2AE-67A33446452E}"
EndProject
Project("{FAE04EC0-301F-11D3-BF4B-00C04F79EFBC}") = "WpfMultimedia.Webcam.Interfaces", "WpfMultimedia.Webcam.Interfaces\WpfMultimedia.Webcam.Interfaces.csproj", "{A83536E3-3E74-4959-927E-BC01DB845F95}"
EndProject
Project("{FAE04EC0-301F-11D3-BF4B-00C04F79EFBC}") = "WpfMultimedia.Webcam.Business", "WpfMultimedia.Webcam.Business\WpfMultimedia.Webcam.Business.csproj", "{01B035AA-053F-442F-AB3F-90A0625FAB2B}"
EndProject
Global
	GlobalSection(SolutionConfigurationPlatforms) = preSolution
		Debug|Any CPU = Debug|Any CPU
		Release|Any CPU = Release|Any CPU
	EndGlobalSection
	GlobalSection(ProjectConfigurationPlatforms) = postSolution
		{4BC89CE4-2608-482B-B519-7424FECDE999}.Debug|Any CPU.ActiveCfg = Debug|Any CPU
		{4BC89CE4-2608-482B-B519-7424FECDE999}.Debug|Any CPU.Build.0 = Debug|Any CPU
		{4BC89CE4-2608-482B-B519-7424FECDE999}.Release|Any CPU.ActiveCfg = Release|Any CPU
		{4BC89CE4-2608-482B-B519-7424FECDE999}.Release|Any CPU.Build.0 = Release|Any CPU
		{3DCD9D4C-CC77-473A-9E58-1FFB1E67C765}.Debug|Any CPU.ActiveCfg = Debug|Any CPU
		{3DCD9D4C-CC77-473A-9E58-1FFB1E67C765}.Debug|Any CPU.Build.0 = Debug|Any CPU
		{3DCD9D4C-CC77-473A-9E58-1FFB1E67C765}.Release|Any CPU.ActiveCfg = Release|Any CPU
		{3DCD9D4C-CC77-473A-9E58-1FFB1E67C765}.Release|Any CPU.Build.0 = Release|Any CPU
		{BAEFC825-1E43-446C-9B9D-5645198A44ED}.Debug|Any CPU.ActiveCfg = Debug|Any CPU
		{BAEFC825-1E43-446C-9B9D-5645198A44ED}.Debug|Any CPU.Build.0 = Debug|Any CPU
		{BAEFC825-1E43-446C-9B9D-5645198A44ED}.Release|Any CPU.ActiveCfg = Release|Any CPU
		{BAEFC825-1E43-446C-9B9D-5645198A44ED}.Release|Any CPU.Build.0 = Release|Any CPU
		{D17BC8BB-D7FA-4302-B2AE-67A33446452E}.Debug|Any CPU.ActiveCfg = Debug|Any CPU
		{D17BC8BB-D7FA-4302-B2AE-67A33446452E}.Debug|Any CPU.Build.0 = Debug|Any CPU
		{D17BC8BB-D7FA-4302-B2AE-67A33446452E}.Release|Any CPU.ActiveCfg = Release|Any CPU
		{D17BC8BB-D7FA-4302-B2AE-67A33446452E}.Release|Any CPU.Build.0 = Release|Any CPU
		{A83536E3-3E74-4959-927E-BC01DB845F95}.Debug|Any CPU.ActiveCfg = Debug|Any CPU
		{A83536E3-3E74-4959-927E-BC01DB845F95}.Debug|Any CPU.Build.0 = Debug|Any CPU
		{A83536E3-3E74-4959-927E-BC01DB845F95}.Release|Any CPU.ActiveCfg = Release|Any CPU
		{A83536E3-3E74-4959-927E-BC01DB845F95}.Release|Any CPU.Build.0 = Release|Any CPU
		{01B035AA-053F-442F-AB3F-90A0625FAB2B}.Debug|Any CPU.ActiveCfg = Debug|Any CPU
		{01B035AA-053F-442F-AB3F-90A0625FAB2B}.Debug|Any CPU.Build.0 = Debug|Any CPU
		{01B035AA-053F-442F-AB3F-90A0625FAB2B}.Release|Any CPU.ActiveCfg = Release|Any CPU
		{01B035AA-053F-442F-AB3F-90A0625FAB2B}.Release|Any CPU.Build.0 = Release|Any CPU
	EndGlobalSection
	GlobalSection(SolutionProperties) = preSolution
		HideSolutionNode = FALSE
	EndGlobalSection
EndGlobal
